
Microsoft Visual Studio Solution File, Format Version 12.00
# Visual Studio Version 16
VisualStudioVersion = 16.0.30114.105
MinimumVisualStudioVersion = 10.0.40219.1
Project("{FAE04EC0-301F-11D3-BF4B-00C04F79EFBC}") = "API", "API\API.csproj", "{FFC814DD-1E4B-472A-868C-FE22B1208C65}"
EndProject
Project("{FAE04EC0-301F-11D3-BF4B-00C04F79EFBC}") = "Application", "Application\Application.csproj", "{448A51D6-19CB-4DA0-8B1E-3F8387EF7E5F}"
EndProject
Project("{FAE04EC0-301F-11D3-BF4B-00C04F79EFBC}") = "Domain", "Domain\Domain.csproj", "{53B6C227-93F6-480A-AA48-29D9337BC346}"
EndProject
Project("{FAE04EC0-301F-11D3-BF4B-00C04F79EFBC}") = "Persistence", "Persistence\Persistence.csproj", "{A8754F79-A609-4881-8E0B-FF8EC1EA91C7}"
EndProject
Global
	GlobalSection(SolutionConfigurationPlatforms) = preSolution
		Debug|Any CPU = Debug|Any CPU
		Release|Any CPU = Release|Any CPU
	EndGlobalSection
	GlobalSection(SolutionProperties) = preSolution
		HideSolutionNode = FALSE
	EndGlobalSection
	GlobalSection(ProjectConfigurationPlatforms) = postSolution
		{FFC814DD-1E4B-472A-868C-FE22B1208C65}.Debug|Any CPU.ActiveCfg = Debug|Any CPU
		{FFC814DD-1E4B-472A-868C-FE22B1208C65}.Debug|Any CPU.Build.0 = Debug|Any CPU
		{FFC814DD-1E4B-472A-868C-FE22B1208C65}.Release|Any CPU.ActiveCfg = Release|Any CPU
		{FFC814DD-1E4B-472A-868C-FE22B1208C65}.Release|Any CPU.Build.0 = Release|Any CPU
		{448A51D6-19CB-4DA0-8B1E-3F8387EF7E5F}.Debug|Any CPU.ActiveCfg = Debug|Any CPU
		{448A51D6-19CB-4DA0-8B1E-3F8387EF7E5F}.Debug|Any CPU.Build.0 = Debug|Any CPU
		{448A51D6-19CB-4DA0-8B1E-3F8387EF7E5F}.Release|Any CPU.ActiveCfg = Release|Any CPU
		{448A51D6-19CB-4DA0-8B1E-3F8387EF7E5F}.Release|Any CPU.Build.0 = Release|Any CPU
		{53B6C227-93F6-480A-AA48-29D9337BC346}.Debug|Any CPU.ActiveCfg = Debug|Any CPU
		{53B6C227-93F6-480A-AA48-29D9337BC346}.Debug|Any CPU.Build.0 = Debug|Any CPU
		{53B6C227-93F6-480A-AA48-29D9337BC346}.Release|Any CPU.ActiveCfg = Release|Any CPU
		{53B6C227-93F6-480A-AA48-29D9337BC346}.Release|Any CPU.Build.0 = Release|Any CPU
		{A8754F79-A609-4881-8E0B-FF8EC1EA91C7}.Debug|Any CPU.ActiveCfg = Debug|Any CPU
		{A8754F79-A609-4881-8E0B-FF8EC1EA91C7}.Debug|Any CPU.Build.0 = Debug|Any CPU
		{A8754F79-A609-4881-8E0B-FF8EC1EA91C7}.Release|Any CPU.ActiveCfg = Release|Any CPU
		{A8754F79-A609-4881-8E0B-FF8EC1EA91C7}.Release|Any CPU.Build.0 = Release|Any CPU
	EndGlobalSection
EndGlobal
